{
    "_readme": [
        "This file locks the dependencies of your project to a known state",
        "Read more about it at https://getcomposer.org/doc/01-basic-usage.md#installing-dependencies",
        "This file is @generated automatically"
    ],
    "content-hash": "8506f46c67788d508d3e5dbd9c704a40",
    "packages": [
        {
            "name": "a1phanumeric/php-mysql-class",
            "version": "2.4",
            "source": {
                "type": "git",
                "url": "https://github.com/a1phanumeric/PHP-MySQL-Class.git",
                "reference": "e74de62049938b80f896082a39de6fabb0eb17d6"
            },
            "dist": {
                "type": "zip",
                "url": "https://api.github.com/repos/a1phanumeric/PHP-MySQL-Class/zipball/e74de62049938b80f896082a39de6fabb0eb17d6",
                "reference": "e74de62049938b80f896082a39de6fabb0eb17d6",
                "shasum": ""
            },
            "type": "library",
            "autoload": {
                "psr-4": {
                    "A1phanumeric\\": ""
                }
            },
            "notification-url": "https://packagist.org/downloads/",
            "license": [
                "MIT"
            ],
            "authors": [
                {
                    "name": "Ed",
                    "email": "ed.rackham19@gmail.com"
                }
            ],
            "description": "This is a simple to use PHP MySQL class that easily bolts on to any existing PHP application, streamlining your MySQL interactions.",
            "support": {
                "issues": "https://github.com/a1phanumeric/PHP-MySQL-Class/issues",
                "source": "https://github.com/a1phanumeric/PHP-MySQL-Class/tree/2.4"
            },
            "time": "2025-01-17T11:30:26+00:00"
        }
    ],
    "packages-dev": [],
    "aliases": [],
    "minimum-stability": "stable",
    "stability-flags": [],
    "prefer-stable": false,
    "prefer-lowest": false,
    "platform": [],
    "platform-dev": [],
    "plugin-api-version": "2.3.0"
}
