{
    "_readme": [
        "This file locks the dependencies of your project to a known state",
        "Read more about it at https://getcomposer.org/doc/01-basic-usage.md#installing-dependencies",
        "This file is @generated automatically"
    ],
    "content-hash": "6d5bce817fa21312a484530a33e56680",
    "packages": [
        {
            "name": "a1phanumeric/php-mysql-class",
            "version": "v3.0.0",
            "source": {
                "type": "git",
                "url": "https://github.com/a1phanumeric/PHP-MySQL-Class.git",
                "reference": "6a19fd749b6e8a42132233f93a531d9398d2d680"
            },
            "dist": {
                "type": "zip",
                "url": "https://api.github.com/repos/a1phanumeric/PHP-MySQL-Class/zipball/6a19fd749b6e8a42132233f93a531d9398d2d680",
                "reference": "6a19fd749b6e8a42132233f93a531d9398d2d680",
                "shasum": ""
            },
            "require": {
                "ext-pdo": "*",
                "php": ">=7.4"
            },
            "suggest": {
                "ext-pdo_mysql": "Required to connect to MySQL/MariaDB",
                "ext-sqlsrv": "Required to connect to Microsoft SQL Server"
            },
            "type": "library",
            "autoload": {
                "psr-4": {
                    "A1phanumeric\\": ""
                }
            },
            "notification-url": "https://packagist.org/downloads/",
            "license": [
                "MIT"
            ],
            "authors": [
                {
                    "name": "Ed",
                    "email": "ed.rackham19@gmail.com"
                }
            ],
            "description": "A lightweight PDO helper for MySQL and SQL Server with prepared queries, transactions, and connection lifecycle utilities.",
            "keywords": [
                "database",
                "mysql",
                "pdo",
                "php",
                "sqlserver"
            ],
            "support": {
                "issues": "https://github.com/a1phanumeric/PHP-MySQL-Class/issues",
                "source": "https://github.com/a1phanumeric/PHP-MySQL-Class/tree/v3.0.0"
            },
            "time": "2026-02-23T12:08:04+00:00"
        }
    ],
    "packages-dev": [],
    "aliases": [],
    "minimum-stability": "stable",
    "stability-flags": {},
    "prefer-stable": false,
    "prefer-lowest": false,
    "platform": {},
    "platform-dev": {},
    "plugin-api-version": "2.6.0"
}
